	<Project xmlns="http://schemas.microsoft.com/developer/msbuild/2003">
		<PropertyGroup>
			<ProjectGuid>{0AE88899-6B66-4DB2-B467-E43392A50F34}</ProjectGuid>
			<MainSource>Athenas_Colector.dpr</MainSource>
			<Base>True</Base>
			<Config Condition="'$(Config)'==''">Debug</Config>
			<TargetedPlatforms>1</TargetedPlatforms>
			<AppType>Application</AppType>
			<FrameworkType>VCL</FrameworkType>
			<ProjectVersion>13.4</ProjectVersion>
			<Platform Condition="'$(Platform)'==''">Win32</Platform>
		</PropertyGroup>
		<PropertyGroup Condition="'$(Config)'=='Base' or '$(Base)'!=''">
			<Base>true</Base>
		</PropertyGroup>
		<PropertyGroup Condition="('$(Platform)'=='Win64' and '$(Base)'=='true') or '$(Base_Win64)'!=''">
			<Base_Win64>true</Base_Win64>
			<CfgParent>Base</CfgParent>
			<Base>true</Base>
		</PropertyGroup>
		<PropertyGroup Condition="('$(Platform)'=='Win32' and '$(Base)'=='true') or '$(Base_Win32)'!=''">
			<Base_Win32>true</Base_Win32>
			<CfgParent>Base</CfgParent>
			<Base>true</Base>
		</PropertyGroup>
		<PropertyGroup Condition="'$(Config)'=='Release' or '$(Cfg_1)'!=''">
			<Cfg_1>true</Cfg_1>
			<CfgParent>Base</CfgParent>
			<Base>true</Base>
		</PropertyGroup>
		<PropertyGroup Condition="'$(Config)'=='Debug' or '$(Cfg_2)'!=''">
			<Cfg_2>true</Cfg_2>
			<CfgParent>Base</CfgParent>
			<Base>true</Base>
		</PropertyGroup>
		<PropertyGroup Condition="('$(Platform)'=='Win32' and '$(Cfg_2)'=='true') or '$(Cfg_2_Win32)'!=''">
			<Cfg_2_Win32>true</Cfg_2_Win32>
			<CfgParent>Cfg_2</CfgParent>
			<Cfg_2>true</Cfg_2>
			<Base>true</Base>
		</PropertyGroup>
		<PropertyGroup Condition="'$(Base)'!=''">
			<VCL_Custom_Styles>&quot;Iceberg Classico|VCLSTYLE|$(ALLUSERSPROFILE)\Documentos\RAD Studio\9.0\Styles\IcebergClassico.vsf&quot;</VCL_Custom_Styles>
			<DCC_ExeOutput>C:\Athenas\Server</DCC_ExeOutput>
			<DCC_ImageBase>00400000</DCC_ImageBase>
			<DCC_UsePackage>vcl;rtl;vclx;indy;inet;xmlrtl;vclie;inetdbbde;inetdbxpress;dbrtl;dsnap;dsnapcon;vcldb;soaprtl;VclSmp;dbexpress;dbxcds;inetdb;bdertl;vcldbx;webdsnap;websnap;adortl;ibxpress;teeui;teedb;tee;dss;visualclx;visualdbclx;vclactnband;vclshlctrls;IntrawebDB_50_70;Intraweb_50_70;dclOfficeXP;RxDB7;RxCtl7;RxBDE7;TMSD7;tmsexd7;tmswizd7;tmsxlsd7;dxCoreD7;dxGDIPlusD7;cxLibraryD7;cxEditorsD7;dxmdsD7;dxBarD7;dxBarDBNavD7;dxBarExtDBItemsD7;dxBarExtItemsD7;dxRibbonD7;cxBarEditItemD7;dxdbtrD7;dxtrmdD7;dxDockingD7;dxThemeD7;dxFlowChartD7;cxPageControlD7;dxComnD7;cxPageControldxBarPopupMenuD7;dxTabbedMDID7;dxLayoutControlD7;dxNavBarD7;dxorgcD7;dxdborD7;cxGridD7;cxPivotGridD7;cxPivotGridChartD7;cxPivotGridOLAPD7;cxTreeListD7;cxTreeListdxBarPopupMenuD7;cxSchedulerD7;cxSchedulerGridD7;dcldxSkinsCoreD7;dxSkinsCoreD7;dxSkinscxPCPainterD7;dxSkinscxSchedulerPainterD7;dxSkinsdxDLPainterD7;dxSkinsdxBarPainterD7;dxSkinsdxNavBarPainterD7;dxSpellCheckerD7;cxSpreadSheetD7;cxVerticalGridD7;dxPSCoreD7;dxPSLnksD7;dxPScxCommonD7;dxPScxExtCommonD7;dxPScxGridLnkD7;dxPSdxLCLnkD7;dxPScxPivotGridLnkD7;dxPScxSchedulerLnkD7;dxPScxSSLnkD7;dxPScxTLLnkD7;dxPScxVGridLnkD7;dxPSTeeChartD7;dxPSDBTeeChartD7;dxPSdxOCLnkD7;dxPSdxDBOCLnkD7;dxPSdxDBTVLnkD7;dxPSdxFCLnkD7;dxPScxPCProdD7;dxPsPrVwAdvD7;dxPSPrVwRibbonD7;dxSkinsdxRibbonPainterD7;fs7;frx7;fsDB7;frxDB7;fsBDE7;frxBDE7;fsADO7;frxADO7;fsIBX7;frxIBX7;frxDBX7;frxe7;fsTee7;frxTee7;ip4000clientvcl7;ip4000v7;RaizeComponentsVcl;RaizeComponentsVclDb;fc4000v7;QR5RunD7;Rave70VCL;Rave70CLX;cpf;DELPRINT7;$(DCC_UsePackage)</DCC_UsePackage>
			<VerInfo_IncludeVerInfo>true</VerInfo_IncludeVerInfo>
			<DCC_Namespace>Vcl;Vcl.Imaging;Vcl.Touch;Vcl.Samples;Vcl.Shell;System;Xml;Data;Datasnap;Web;Soap;Winapi;$(DCC_Namespace)</DCC_Namespace>
			<VerInfo_MajorVer>4</VerInfo_MajorVer>
			<VerInfo_MinorVer>5</VerInfo_MinorVer>
			<VerInfo_Keys>CompanyName=;FileDescription=;FileVersion=4.5.0.0;InternalName=;LegalCopyright=;LegalTrademarks=;OriginalFilename=;ProductName=;ProductVersion=1.0.0.0;Comments=</VerInfo_Keys>
			<DCC_K>false</DCC_K>
			<DCC_N>true</DCC_N>
			<DCC_S>false</DCC_S>
			<DCC_F>false</DCC_F>
			<DCC_SymbolReferenceInfo>1</DCC_SymbolReferenceInfo>
			<VerInfo_Locale>1046</VerInfo_Locale>
			<DCC_E>false</DCC_E>
		</PropertyGroup>
		<PropertyGroup Condition="'$(Base_Win64)'!=''">
			<Icon_MainIcon>Athenas_Colector_Icon.ico</Icon_MainIcon>
			<Manifest_File>$(BDS)\bin\default_app.manifest</Manifest_File>
		</PropertyGroup>
		<PropertyGroup Condition="'$(Base_Win32)'!=''">
			<VerInfo_IncludeVerInfo>true</VerInfo_IncludeVerInfo>
			<Icon_MainIcon>Athenas_Colector_Icon.ico</Icon_MainIcon>
			<DCC_Namespace>System.Win;Data.Win;Datasnap.Win;Web.Win;Soap.Win;Xml.Win;Bde;$(DCC_Namespace)</DCC_Namespace>
			<VerInfo_Locale>1033</VerInfo_Locale>
			<Manifest_File>$(BDS)\bin\default_app.manifest</Manifest_File>
			<VerInfo_Keys>CompanyName=;FileDescription=;FileVersion=1.0.0.0;InternalName=;LegalCopyright=;LegalTrademarks=;OriginalFilename=;ProductName=;ProductVersion=1.0.0.0;Comments=</VerInfo_Keys>
		</PropertyGroup>
		<PropertyGroup Condition="'$(Cfg_1)'!=''">
			<DCC_LocalDebugSymbols>false</DCC_LocalDebugSymbols>
			<DCC_DebugInformation>false</DCC_DebugInformation>
			<DCC_SymbolReferenceInfo>0</DCC_SymbolReferenceInfo>
			<DCC_Define>RELEASE;$(DCC_Define)</DCC_Define>
		</PropertyGroup>
		<PropertyGroup Condition="'$(Cfg_2)'!=''">
			<DCC_Define>DEBUG;$(DCC_Define)</DCC_Define>
			<DCC_Optimize>false</DCC_Optimize>
			<DCC_GenerateStackFrames>true</DCC_GenerateStackFrames>
		</PropertyGroup>
		<PropertyGroup Condition="'$(Cfg_2_Win32)'!=''">
			<VerInfo_AutoGenVersion>true</VerInfo_AutoGenVersion>
			<Icon_MainIcon>E:\imagens\logo_novo.ico</Icon_MainIcon>
			<VerInfo_MinorVer>0</VerInfo_MinorVer>
			<VerInfo_MajorVer>1</VerInfo_MajorVer>
			<VerInfo_Locale>1033</VerInfo_Locale>
			<VerInfo_Keys>CompanyName=Softlogus Sistemas;FileDescription=Colector;FileVersion=1.0.0.0;InternalName=;LegalCopyright=;LegalTrademarks=;OriginalFilename=;ProductName=;ProductVersion=1.0.0.0;Comments=</VerInfo_Keys>
		</PropertyGroup>
		<ItemGroup>
			<DelphiCompile Include="$(MainSource)">
				<MainSource>MainSource</MainSource>
			</DelphiCompile>
			<DCCReference Include="Uprincipal.pas">
				<Form>Form1</Form>
			</DCCReference>
			<BuildConfiguration Include="Debug">
				<Key>Cfg_2</Key>
				<CfgParent>Base</CfgParent>
			</BuildConfiguration>
			<BuildConfiguration Include="Base">
				<Key>Base</Key>
			</BuildConfiguration>
			<BuildConfiguration Include="Release">
				<Key>Cfg_1</Key>
				<CfgParent>Base</CfgParent>
			</BuildConfiguration>
		</ItemGroup>
		<ProjectExtensions>
			<Borland.Personality>Delphi.Personality.12</Borland.Personality>
			<Borland.ProjectType/>
			<BorlandProject>
				<Delphi.Personality>
					<Source>
						<Source Name="MainSource">Athenas_Colector.dpr</Source>
					</Source>
					<VersionInfo>
						<VersionInfo Name="IncludeVerInfo">True</VersionInfo>
						<VersionInfo Name="AutoIncBuild">False</VersionInfo>
						<VersionInfo Name="MajorVer">4</VersionInfo>
						<VersionInfo Name="MinorVer">5</VersionInfo>
						<VersionInfo Name="Release">0</VersionInfo>
						<VersionInfo Name="Build">0</VersionInfo>
						<VersionInfo Name="Debug">False</VersionInfo>
						<VersionInfo Name="PreRelease">False</VersionInfo>
						<VersionInfo Name="Special">False</VersionInfo>
						<VersionInfo Name="Private">False</VersionInfo>
						<VersionInfo Name="DLL">False</VersionInfo>
						<VersionInfo Name="Locale">1046</VersionInfo>
						<VersionInfo Name="CodePage">1252</VersionInfo>
					</VersionInfo>
					<VersionInfoKeys>
						<VersionInfoKeys Name="CompanyName"/>
						<VersionInfoKeys Name="FileDescription"/>
						<VersionInfoKeys Name="FileVersion">4.5.0.0</VersionInfoKeys>
						<VersionInfoKeys Name="InternalName"/>
						<VersionInfoKeys Name="LegalCopyright"/>
						<VersionInfoKeys Name="LegalTrademarks"/>
						<VersionInfoKeys Name="OriginalFilename"/>
						<VersionInfoKeys Name="ProductName"/>
						<VersionInfoKeys Name="ProductVersion">1.0.0.0</VersionInfoKeys>
						<VersionInfoKeys Name="Comments"/>
					</VersionInfoKeys>
					<Excluded_Packages>
						<Excluded_Packages Name="C:\Arquivos de programas\FastReports\LibD16\dclfstee16.bpl">FastScript 1.9 Tee Components</Excluded_Packages>
						<Excluded_Packages Name="$(BDSBIN)\bcboffice2k160.bpl">Embarcadero C++Builder Office 2000 Servers Package</Excluded_Packages>
						<Excluded_Packages Name="$(BDSBIN)\bcbofficexp160.bpl">Embarcadero C++Builder Office XP Servers Package</Excluded_Packages>
						<Excluded_Packages Name="$(BDSBIN)\dcloffice2k160.bpl">Microsoft Office 2000 Sample Automation Server Wrapper Components</Excluded_Packages>
					</Excluded_Packages>
				</Delphi.Personality>
				<Platforms>
					<Platform value="Win64">False</Platform>
					<Platform value="Win32">True</Platform>
				</Platforms>
			</BorlandProject>
			<ProjectFileVersion>12</ProjectFileVersion>
		</ProjectExtensions>
		<Import Condition="Exists('$(BDS)\Bin\CodeGear.Delphi.Targets')" Project="$(BDS)\Bin\CodeGear.Delphi.Targets"/>
		<Import Condition="Exists('$(APPDATA)\Embarcadero\$(BDSAPPDATABASEDIR)\$(PRODUCTVERSION)\UserTools.proj')" Project="$(APPDATA)\Embarcadero\$(BDSAPPDATABASEDIR)\$(PRODUCTVERSION)\UserTools.proj"/>
	</Project>
